// !$*UTF8*$!
{
	archiveVersion = 1;
	classes = {
	};
	objectVersion = 56;
	objects = {

/* Begin PBXBuildFile section */
		6D639C6F2A73F521002EB654 /* AlertManager.swift in Sources */ = {isa = PBXBuildFile; fileRef = 6D639C6E2A73F521002EB654 /* AlertManager.swift */; };
		6D639C712A752CFD002EB654 /* ProfileTableHeaderView.swift in Sources */ = {isa = PBXBuildFile; fileRef = 6D639C702A752CFD002EB654 /* ProfileTableHeaderView.swift */; };
		6D6837782A753D70005E40C1 /* DetailsProfilePresentationController.swift in Sources */ = {isa = PBXBuildFile; fileRef = 6D6837772A753D70005E40C1 /* DetailsProfilePresentationController.swift */; };
		6DB0993E2A7C17DC00C42E5F /* PhotosTableViewCell.swift in Sources */ = {isa = PBXBuildFile; fileRef = 6DB0993D2A7C17DC00C42E5F /* PhotosTableViewCell.swift */; };
		6DB099402A7C185600C42E5F /* PhotosCollectionViewCell.swift in Sources */ = {isa = PBXBuildFile; fileRef = 6DB0993F2A7C185600C42E5F /* PhotosCollectionViewCell.swift */; };
		6DB099422A7C187700C42E5F /* PhotosViewController.swift in Sources */ = {isa = PBXBuildFile; fileRef = 6DB099412A7C187700C42E5F /* PhotosViewController.swift */; };
		6DB099442A7C18FE00C42E5F /* PhotoViewModel.swift in Sources */ = {isa = PBXBuildFile; fileRef = 6DB099432A7C18FE00C42E5F /* PhotoViewModel.swift */; };
		6DB099462A7C192C00C42E5F /* Photos.swift in Sources */ = {isa = PBXBuildFile; fileRef = 6DB099452A7C192C00C42E5F /* Photos.swift */; };
		6DB0994A2A7F15A000C42E5F /* EditProfilePresentationController.swift in Sources */ = {isa = PBXBuildFile; fileRef = 6DB099492A7F15A000C42E5F /* EditProfilePresentationController.swift */; };
		6DB0994C2A8054B700C42E5F /* StoryCollectionViewCell.swift in Sources */ = {isa = PBXBuildFile; fileRef = 6DB0994B2A8054B700C42E5F /* StoryCollectionViewCell.swift */; };
		6DB0994E2A805BEC00C42E5F /* PostTableViewCell.swift in Sources */ = {isa = PBXBuildFile; fileRef = 6DB0994D2A805BEC00C42E5F /* PostTableViewCell.swift */; };
		6DB099502A80611000C42E5F /* SearchBar.swift in Sources */ = {isa = PBXBuildFile; fileRef = 6DB0994F2A80611000C42E5F /* SearchBar.swift */; };
		6DB099522A80615A00C42E5F /* SearchBarTableViewCell.swift in Sources */ = {isa = PBXBuildFile; fileRef = 6DB099512A80615A00C42E5F /* SearchBarTableViewCell.swift */; };
		6DB0997B2A814E7A00C42E5F /* KeychainManager.swift in Sources */ = {isa = PBXBuildFile; fileRef = 6DB0997A2A814E7A00C42E5F /* KeychainManager.swift */; };
		6DB0997E2A814EEE00C42E5F /* KeychainAccess in Frameworks */ = {isa = PBXBuildFile; productRef = 6DB0997D2A814EEE00C42E5F /* KeychainAccess */; };
		6DB099802A85984600C42E5F /* LineVerticalView.swift in Sources */ = {isa = PBXBuildFile; fileRef = 6DB0997F2A85984600C42E5F /* LineVerticalView.swift */; };
		6DB099822A86C12B00C42E5F /* Post.swift in Sources */ = {isa = PBXBuildFile; fileRef = 6DB099812A86C12B00C42E5F /* Post.swift */; };
		6DB099842A86C28000C42E5F /* PostComment.swift in Sources */ = {isa = PBXBuildFile; fileRef = 6DB099832A86C28000C42E5F /* PostComment.swift */; };
		6DB099882A87BC6E00C42E5F /* postfile.strings in Resources */ = {isa = PBXBuildFile; fileRef = 6DB099872A87BC6E00C42E5F /* postfile.strings */; };
		6DB0998A2A87E0C400C42E5F /* PostAddViewController.swift in Sources */ = {isa = PBXBuildFile; fileRef = 6DB099892A87E0C400C42E5F /* PostAddViewController.swift */; };
		6DB0998C2A88BACA00C42E5F /* CameraViewController.swift in Sources */ = {isa = PBXBuildFile; fileRef = 6DB0998B2A88BACA00C42E5F /* CameraViewController.swift */; };
		6DB0998E2A88BB7900C42E5F /* RoundButtonWithDot.swift in Sources */ = {isa = PBXBuildFile; fileRef = 6DB0998D2A88BB7900C42E5F /* RoundButtonWithDot.swift */; };
		6DB099902A89184A00C42E5F /* ImagePicker.swift in Sources */ = {isa = PBXBuildFile; fileRef = 6DB0998F2A89184A00C42E5F /* ImagePicker.swift */; };
		6DB099922A8A3AFE00C42E5F /* InformationViewController.swift in Sources */ = {isa = PBXBuildFile; fileRef = 6DB099912A8A3AFE00C42E5F /* InformationViewController.swift */; };
		6DB099942A8A4B1D00C42E5F /* HobbyViewController.swift in Sources */ = {isa = PBXBuildFile; fileRef = 6DB099932A8A4B1D00C42E5F /* HobbyViewController.swift */; };
		6DB099962A8A4B2900C42E5F /* EducationViewController.swift in Sources */ = {isa = PBXBuildFile; fileRef = 6DB099952A8A4B2900C42E5F /* EducationViewController.swift */; };
		6DB099982A8A4B3200C42E5F /* WorkViewController.swift in Sources */ = {isa = PBXBuildFile; fileRef = 6DB099972A8A4B3200C42E5F /* WorkViewController.swift */; };
		6DB0999D2A8A4D6300C42E5F /* SavedViewController.swift in Sources */ = {isa = PBXBuildFile; fileRef = 6DB0999C2A8A4D6300C42E5F /* SavedViewController.swift */; };
		6DB0999F2A8A4D7400C42E5F /* FilesViewController.swift in Sources */ = {isa = PBXBuildFile; fileRef = 6DB0999E2A8A4D7400C42E5F /* FilesViewController.swift */; };
		6DB099A12A8A511700C42E5F /* SwiftyRecordButton.swift in Sources */ = {isa = PBXBuildFile; fileRef = 6DB099A02A8A511700C42E5F /* SwiftyRecordButton.swift */; };
		6DB099A32A8A5F9100C42E5F /* FurtherInformationViewController.swift in Sources */ = {isa = PBXBuildFile; fileRef = 6DB099A22A8A5F9100C42E5F /* FurtherInformationViewController.swift */; };
		6DB099A52A8A96A900C42E5F /* NavigationRouter.swift in Sources */ = {isa = PBXBuildFile; fileRef = 6DB099A42A8A96A900C42E5F /* NavigationRouter.swift */; };
		6DB099A72A8BAD9F00C42E5F /* StorageManager.swift in Sources */ = {isa = PBXBuildFile; fileRef = 6DB099A62A8BAD9F00C42E5F /* StorageManager.swift */; };
		6DB099A92A8BB0F500C42E5F /* CommentTableViewCell.swift in Sources */ = {isa = PBXBuildFile; fileRef = 6DB099A82A8BB0F500C42E5F /* CommentTableViewCell.swift */; };
		6DB099AB2A8BB4A100C42E5F /* CommentsViewController.swift in Sources */ = {isa = PBXBuildFile; fileRef = 6DB099AA2A8BB4A100C42E5F /* CommentsViewController.swift */; };
		6DB099AD2A8CB7DE00C42E5F /* VideoViewController.swift in Sources */ = {isa = PBXBuildFile; fileRef = 6DB099AC2A8CB7DE00C42E5F /* VideoViewController.swift */; };
		6DB099AF2A8D207D00C42E5F /* CameraSavePhotoViewController.swift in Sources */ = {isa = PBXBuildFile; fileRef = 6DB099AE2A8D207D00C42E5F /* CameraSavePhotoViewController.swift */; };
		6DB099B12A8D352F00C42E5F /* DataViewController.swift in Sources */ = {isa = PBXBuildFile; fileRef = 6DB099B02A8D352F00C42E5F /* DataViewController.swift */; };
		6DB099B32A8D367100C42E5F /* TextPicker.swift in Sources */ = {isa = PBXBuildFile; fileRef = 6DB099B22A8D367100C42E5F /* TextPicker.swift */; };
		6DB099B52A8D36B100C42E5F /* TextViewController.swift in Sources */ = {isa = PBXBuildFile; fileRef = 6DB099B42A8D36B100C42E5F /* TextViewController.swift */; };
		6DB099BE2A8E52E000C42E5F /* StringExtension.swift in Sources */ = {isa = PBXBuildFile; fileRef = 6DB099BD2A8E52E000C42E5F /* StringExtension.swift */; };
		6DB099DB2A8EA1B400C42E5F /* Localizable.strings in Resources */ = {isa = PBXBuildFile; fileRef = 6DB099DD2A8EA1B400C42E5F /* Localizable.strings */; };
		6DB099E02A8F720300C42E5F /* ColorExtenstion.swift in Sources */ = {isa = PBXBuildFile; fileRef = 6DB099DF2A8F720300C42E5F /* ColorExtenstion.swift */; };
		6DB099E32A8FD53A00C42E5F /* Localizable.stringsdict in Resources */ = {isa = PBXBuildFile; fileRef = 6DB099E52A8FD53A00C42E5F /* Localizable.stringsdict */; };
		6DB099E82A9007F100C42E5F /* LabelFutherInformationField.swift in Sources */ = {isa = PBXBuildFile; fileRef = 6DB099E72A9007F100C42E5F /* LabelFutherInformationField.swift */; };
		6DB6CE9C2A7ACCDF00ACD787 /* ProfileHeaderViewModel.swift in Sources */ = {isa = PBXBuildFile; fileRef = 6DB6CE9B2A7ACCDF00ACD787 /* ProfileHeaderViewModel.swift */; };
		6DB90A732A93CA1A00120648 /* Realm in Frameworks */ = {isa = PBXBuildFile; productRef = 6DB90A722A93CA1A00120648 /* Realm */; };
		6DB90A752A93CA1A00120648 /* RealmSwift in Frameworks */ = {isa = PBXBuildFile; productRef = 6DB90A742A93CA1A00120648 /* RealmSwift */; };
		6DB90A782A93CA6600120648 /* Model.swift in Sources */ = {isa = PBXBuildFile; fileRef = 6DB90A772A93CA6600120648 /* Model.swift */; };
		6DB90A7A2A93CCA600120648 /* RealmManager.swift in Sources */ = {isa = PBXBuildFile; fileRef = 6DB90A792A93CCA600120648 /* RealmManager.swift */; };
		6DCAF37D2A6C759A00877579 /* AppDelegate.swift in Sources */ = {isa = PBXBuildFile; fileRef = 6DCAF37C2A6C759A00877579 /* AppDelegate.swift */; };
		6DCAF37F2A6C759A00877579 /* SceneDelegate.swift in Sources */ = {isa = PBXBuildFile; fileRef = 6DCAF37E2A6C759A00877579 /* SceneDelegate.swift */; };
		6DCAF3812A6C759A00877579 /* HomeViewController.swift in Sources */ = {isa = PBXBuildFile; fileRef = 6DCAF3802A6C759A00877579 /* HomeViewController.swift */; };
		6DCAF3862A6C759B00877579 /* Assets.xcassets in Resources */ = {isa = PBXBuildFile; fileRef = 6DCAF3852A6C759B00877579 /* Assets.xcassets */; };
		6DCAF3892A6C759B00877579 /* LaunchScreen.storyboard in Resources */ = {isa = PBXBuildFile; fileRef = 6DCAF3872A6C759B00877579 /* LaunchScreen.storyboard */; };
		6DCAF3952A6C765E00877579 /* TabBarViewController.swift in Sources */ = {isa = PBXBuildFile; fileRef = 6DCAF3942A6C765E00877579 /* TabBarViewController.swift */; };
		6DCAF3972A6C767900877579 /* ProfileViewController.swift in Sources */ = {isa = PBXBuildFile; fileRef = 6DCAF3962A6C767900877579 /* ProfileViewController.swift */; };
		6DCAF3992A6C768600877579 /* LikeViewController.swift in Sources */ = {isa = PBXBuildFile; fileRef = 6DCAF3982A6C768600877579 /* LikeViewController.swift */; };
		6DCAF39D2A6C76DD00877579 /* Extensions.swift in Sources */ = {isa = PBXBuildFile; fileRef = 6DCAF39C2A6C76DD00877579 /* Extensions.swift */; };
		6DCAF3A42A6C7CE200877579 /* GoogleService-Info.plist in Resources */ = {isa = PBXBuildFile; fileRef = 6DCAF3A32A6C7CE200877579 /* GoogleService-Info.plist */; };
		6DCAF3A62A6C899600877579 /* AuthenticationManager.swift in Sources */ = {isa = PBXBuildFile; fileRef = 6DCAF3A52A6C899600877579 /* AuthenticationManager.swift */; };
		6DCAF3A82A6C8B2300877579 /* WelcomeViewController.swift in Sources */ = {isa = PBXBuildFile; fileRef = 6DCAF3A72A6C8B2300877579 /* WelcomeViewController.swift */; };
		6DCAF3AA2A6C8B3000877579 /* SignInViewController.swift in Sources */ = {isa = PBXBuildFile; fileRef = 6DCAF3A92A6C8B3000877579 /* SignInViewController.swift */; };
		6DCAF3B02A6D430E00877579 /* AuthButton.swift in Sources */ = {isa = PBXBuildFile; fileRef = 6DCAF3AF2A6D430E00877579 /* AuthButton.swift */; };
		6DCAF3B22A6D4DD500877579 /* AuthField.swift in Sources */ = {isa = PBXBuildFile; fileRef = 6DCAF3B12A6D4DD500877579 /* AuthField.swift */; };
		6DCAF3B62A6DB67100877579 /* SignUpViewController.swift in Sources */ = {isa = PBXBuildFile; fileRef = 6DCAF3B52A6DB67100877579 /* SignUpViewController.swift */; };
		6DCAF3B82A6DCC1100877579 /* ConfirmViewController.swift in Sources */ = {isa = PBXBuildFile; fileRef = 6DCAF3B72A6DCC1100877579 /* ConfirmViewController.swift */; };
		6DCAF3BA2A6EBE4900877579 /* HapticsManager.swift in Sources */ = {isa = PBXBuildFile; fileRef = 6DCAF3B92A6EBE4900877579 /* HapticsManager.swift */; };
		6DCAF3BC2A6EFF6500877579 /* DatabaseManager.swift in Sources */ = {isa = PBXBuildFile; fileRef = 6DCAF3BB2A6EFF6500877579 /* DatabaseManager.swift */; };
		6DCAF3BF2A6F010C00877579 /* User.swift in Sources */ = {isa = PBXBuildFile; fileRef = 6DCAF3BE2A6F010C00877579 /* User.swift */; };
		6DCD2A2C2A754F36001CED59 /* IconImage.swift in Sources */ = {isa = PBXBuildFile; fileRef = 6DCD2A2B2A754F36001CED59 /* IconImage.swift */; };
		6DCD2A2E2A754F53001CED59 /* LabelField.swift in Sources */ = {isa = PBXBuildFile; fileRef = 6DCD2A2D2A754F53001CED59 /* LabelField.swift */; };
		6DCD2A322A7550C2001CED59 /* LineView.swift in Sources */ = {isa = PBXBuildFile; fileRef = 6DCD2A312A7550C2001CED59 /* LineView.swift */; };
		EECA3D72848FB837D586F7B9 /* Pods_VK.framework in Frameworks */ = {isa = PBXBuildFile; fileRef = E027710D3F87580522E0D008 /* Pods_VK.framework */; };
/* End PBXBuildFile section */

/* Begin PBXFileReference section */
		318D354CD2D25D88562FEC45 /* Pods-VK.debug.xcconfig */ = {isa = PBXFileReference; includeInIndex = 1; lastKnownFileType = text.xcconfig; name = "Pods-VK.debug.xcconfig"; path = "Target Support Files/Pods-VK/Pods-VK.debug.xcconfig"; sourceTree = "<group>"; };
		6D639C6E2A73F521002EB654 /* AlertManager.swift */ = {isa = PBXFileReference; lastKnownFileType = sourcecode.swift; path = AlertManager.swift; sourceTree = "<group>"; };
		6D639C702A752CFD002EB654 /* ProfileTableHeaderView.swift */ = {isa = PBXFileReference; lastKnownFileType = sourcecode.swift; path = ProfileTableHeaderView.swift; sourceTree = "<group>"; wrapsLines = 0; };
		6D6837772A753D70005E40C1 /* DetailsProfilePresentationController.swift */ = {isa = PBXFileReference; lastKnownFileType = sourcecode.swift; path = DetailsProfilePresentationController.swift; sourceTree = "<group>"; };
		6DB0993D2A7C17DC00C42E5F /* PhotosTableViewCell.swift */ = {isa = PBXFileReference; lastKnownFileType = sourcecode.swift; path = PhotosTableViewCell.swift; sourceTree = "<group>"; };
		6DB0993F2A7C185600C42E5F /* PhotosCollectionViewCell.swift */ = {isa = PBXFileReference; lastKnownFileType = sourcecode.swift; path = PhotosCollectionViewCell.swift; sourceTree = "<group>"; };
		6DB099412A7C187700C42E5F /* PhotosViewController.swift */ = {isa = PBXFileReference; lastKnownFileType = sourcecode.swift; path = PhotosViewController.swift; sourceTree = "<group>"; };
		6DB099432A7C18FE00C42E5F /* PhotoViewModel.swift */ = {isa = PBXFileReference; lastKnownFileType = sourcecode.swift; path = PhotoViewModel.swift; sourceTree = "<group>"; };
		6DB099452A7C192C00C42E5F /* Photos.swift */ = {isa = PBXFileReference; lastKnownFileType = sourcecode.swift; path = Photos.swift; sourceTree = "<group>"; };
		6DB099492A7F15A000C42E5F /* EditProfilePresentationController.swift */ = {isa = PBXFileReference; lastKnownFileType = sourcecode.swift; path = EditProfilePresentationController.swift; sourceTree = "<group>"; };
		6DB0994B2A8054B700C42E5F /* StoryCollectionViewCell.swift */ = {isa = PBXFileReference; lastKnownFileType = sourcecode.swift; path = StoryCollectionViewCell.swift; sourceTree = "<group>"; };
		6DB0994D2A805BEC00C42E5F /* PostTableViewCell.swift */ = {isa = PBXFileReference; lastKnownFileType = sourcecode.swift; path = PostTableViewCell.swift; sourceTree = "<group>"; };
		6DB0994F2A80611000C42E5F /* SearchBar.swift */ = {isa = PBXFileReference; lastKnownFileType = sourcecode.swift; path = SearchBar.swift; sourceTree = "<group>"; };
		6DB099512A80615A00C42E5F /* SearchBarTableViewCell.swift */ = {isa = PBXFileReference; lastKnownFileType = sourcecode.swift; path = SearchBarTableViewCell.swift; sourceTree = "<group>"; };
		6DB0997A2A814E7A00C42E5F /* KeychainManager.swift */ = {isa = PBXFileReference; lastKnownFileType = sourcecode.swift; path = KeychainManager.swift; sourceTree = "<group>"; };
		6DB0997F2A85984600C42E5F /* LineVerticalView.swift */ = {isa = PBXFileReference; lastKnownFileType = sourcecode.swift; path = LineVerticalView.swift; sourceTree = "<group>"; };
		6DB099812A86C12B00C42E5F /* Post.swift */ = {isa = PBXFileReference; lastKnownFileType = sourcecode.swift; path = Post.swift; sourceTree = "<group>"; };
		6DB099832A86C28000C42E5F /* PostComment.swift */ = {isa = PBXFileReference; lastKnownFileType = sourcecode.swift; path = PostComment.swift; sourceTree = "<group>"; };
		6DB099872A87BC6E00C42E5F /* postfile.strings */ = {isa = PBXFileReference; lastKnownFileType = text.plist.strings; path = postfile.strings; sourceTree = "<group>"; };
		6DB099892A87E0C400C42E5F /* PostAddViewController.swift */ = {isa = PBXFileReference; lastKnownFileType = sourcecode.swift; path = PostAddViewController.swift; sourceTree = "<group>"; };
		6DB0998B2A88BACA00C42E5F /* CameraViewController.swift */ = {isa = PBXFileReference; lastKnownFileType = sourcecode.swift; path = CameraViewController.swift; sourceTree = "<group>"; };
		6DB0998D2A88BB7900C42E5F /* RoundButtonWithDot.swift */ = {isa = PBXFileReference; lastKnownFileType = sourcecode.swift; path = RoundButtonWithDot.swift; sourceTree = "<group>"; };
		6DB0998F2A89184A00C42E5F /* ImagePicker.swift */ = {isa = PBXFileReference; lastKnownFileType = sourcecode.swift; path = ImagePicker.swift; sourceTree = "<group>"; };
		6DB099912A8A3AFE00C42E5F /* InformationViewController.swift */ = {isa = PBXFileReference; lastKnownFileType = sourcecode.swift; path = InformationViewController.swift; sourceTree = "<group>"; };
		6DB099932A8A4B1D00C42E5F /* HobbyViewController.swift */ = {isa = PBXFileReference; lastKnownFileType = sourcecode.swift; path = HobbyViewController.swift; sourceTree = "<group>"; };
		6DB099952A8A4B2900C42E5F /* EducationViewController.swift */ = {isa = PBXFileReference; lastKnownFileType = sourcecode.swift; path = EducationViewController.swift; sourceTree = "<group>"; };
		6DB099972A8A4B3200C42E5F /* WorkViewController.swift */ = {isa = PBXFileReference; lastKnownFileType = sourcecode.swift; path = WorkViewController.swift; sourceTree = "<group>"; };
		6DB0999C2A8A4D6300C42E5F /* SavedViewController.swift */ = {isa = PBXFileReference; lastKnownFileType = sourcecode.swift; path = SavedViewController.swift; sourceTree = "<group>"; };
		6DB0999E2A8A4D7400C42E5F /* FilesViewController.swift */ = {isa = PBXFileReference; lastKnownFileType = sourcecode.swift; path = FilesViewController.swift; sourceTree = "<group>"; };
		6DB099A02A8A511700C42E5F /* SwiftyRecordButton.swift */ = {isa = PBXFileReference; lastKnownFileType = sourcecode.swift; path = SwiftyRecordButton.swift; sourceTree = "<group>"; };
		6DB099A22A8A5F9100C42E5F /* FurtherInformationViewController.swift */ = {isa = PBXFileReference; lastKnownFileType = sourcecode.swift; path = FurtherInformationViewController.swift; sourceTree = "<group>"; };
		6DB099A42A8A96A900C42E5F /* NavigationRouter.swift */ = {isa = PBXFileReference; lastKnownFileType = sourcecode.swift; path = NavigationRouter.swift; sourceTree = "<group>"; };
		6DB099A62A8BAD9F00C42E5F /* StorageManager.swift */ = {isa = PBXFileReference; lastKnownFileType = sourcecode.swift; path = StorageManager.swift; sourceTree = "<group>"; };
		6DB099A82A8BB0F500C42E5F /* CommentTableViewCell.swift */ = {isa = PBXFileReference; lastKnownFileType = sourcecode.swift; path = CommentTableViewCell.swift; sourceTree = "<group>"; };
		6DB099AA2A8BB4A100C42E5F /* CommentsViewController.swift */ = {isa = PBXFileReference; lastKnownFileType = sourcecode.swift; path = CommentsViewController.swift; sourceTree = "<group>"; };
		6DB099AC2A8CB7DE00C42E5F /* VideoViewController.swift */ = {isa = PBXFileReference; lastKnownFileType = sourcecode.swift; path = VideoViewController.swift; sourceTree = "<group>"; };
		6DB099AE2A8D207D00C42E5F /* CameraSavePhotoViewController.swift */ = {isa = PBXFileReference; lastKnownFileType = sourcecode.swift; path = CameraSavePhotoViewController.swift; sourceTree = "<group>"; };
		6DB099B02A8D352F00C42E5F /* DataViewController.swift */ = {isa = PBXFileReference; lastKnownFileType = sourcecode.swift; path = DataViewController.swift; sourceTree = "<group>"; };
		6DB099B22A8D367100C42E5F /* TextPicker.swift */ = {isa = PBXFileReference; lastKnownFileType = sourcecode.swift; path = TextPicker.swift; sourceTree = "<group>"; };
		6DB099B42A8D36B100C42E5F /* TextViewController.swift */ = {isa = PBXFileReference; lastKnownFileType = sourcecode.swift; path = TextViewController.swift; sourceTree = "<group>"; };
		6DB099BD2A8E52E000C42E5F /* StringExtension.swift */ = {isa = PBXFileReference; lastKnownFileType = sourcecode.swift; path = StringExtension.swift; sourceTree = "<group>"; };
		6DB099D82A8EA19700C42E5F /* ru */ = {isa = PBXFileReference; lastKnownFileType = text.plist.strings; name = ru; path = ru.lproj/LaunchScreen.strings; sourceTree = "<group>"; };
		6DB099DE2A8EA1BE00C42E5F /* ru */ = {isa = PBXFileReference; lastKnownFileType = text.plist.strings; name = ru; path = ru.lproj/Localizable.strings; sourceTree = "<group>"; };
		6DB099DF2A8F720300C42E5F /* ColorExtenstion.swift */ = {isa = PBXFileReference; lastKnownFileType = sourcecode.swift; path = ColorExtenstion.swift; sourceTree = "<group>"; };
		6DB099E42A8FD53A00C42E5F /* ru */ = {isa = PBXFileReference; lastKnownFileType = text.plist.stringsdict; name = ru; path = ru.lproj/Localizable.stringsdict; sourceTree = "<group>"; };
		6DB099E62A8FD79400C42E5F /* en */ = {isa = PBXFileReference; lastKnownFileType = text.plist.stringsdict; name = en; path = en.lproj/Localizable.stringsdict; sourceTree = "<group>"; };
		6DB099E72A9007F100C42E5F /* LabelFutherInformationField.swift */ = {isa = PBXFileReference; lastKnownFileType = sourcecode.swift; path = LabelFutherInformationField.swift; sourceTree = "<group>"; };
		6DB6CE9B2A7ACCDF00ACD787 /* ProfileHeaderViewModel.swift */ = {isa = PBXFileReference; lastKnownFileType = sourcecode.swift; path = ProfileHeaderViewModel.swift; sourceTree = "<group>"; };
		6DB90A772A93CA6600120648 /* Model.swift */ = {isa = PBXFileReference; lastKnownFileType = sourcecode.swift; path = Model.swift; sourceTree = "<group>"; };
		6DB90A792A93CCA600120648 /* RealmManager.swift */ = {isa = PBXFileReference; lastKnownFileType = sourcecode.swift; path = RealmManager.swift; sourceTree = "<group>"; };
		6DCAF3792A6C759A00877579 /* VK.app */ = {isa = PBXFileReference; explicitFileType = wrapper.application; includeInIndex = 0; path = VK.app; sourceTree = BUILT_PRODUCTS_DIR; };
		6DCAF37C2A6C759A00877579 /* AppDelegate.swift */ = {isa = PBXFileReference; lastKnownFileType = sourcecode.swift; path = AppDelegate.swift; sourceTree = "<group>"; };
		6DCAF37E2A6C759A00877579 /* SceneDelegate.swift */ = {isa = PBXFileReference; lastKnownFileType = sourcecode.swift; path = SceneDelegate.swift; sourceTree = "<group>"; };
		6DCAF3802A6C759A00877579 /* HomeViewController.swift */ = {isa = PBXFileReference; lastKnownFileType = sourcecode.swift; path = HomeViewController.swift; sourceTree = "<group>"; };
		6DCAF3852A6C759B00877579 /* Assets.xcassets */ = {isa = PBXFileReference; lastKnownFileType = folder.assetcatalog; path = Assets.xcassets; sourceTree = "<group>"; };
		6DCAF3882A6C759B00877579 /* Base */ = {isa = PBXFileReference; lastKnownFileType = file.storyboard; name = Base; path = Base.lproj/LaunchScreen.storyboard; sourceTree = "<group>"; };
		6DCAF38A2A6C759B00877579 /* Info.plist */ = {isa = PBXFileReference; lastKnownFileType = text.plist.xml; path = Info.plist; sourceTree = "<group>"; };
		6DCAF3942A6C765E00877579 /* TabBarViewController.swift */ = {isa = PBXFileReference; lastKnownFileType = sourcecode.swift; path = TabBarViewController.swift; sourceTree = "<group>"; };
		6DCAF3962A6C767900877579 /* ProfileViewController.swift */ = {isa = PBXFileReference; lastKnownFileType = sourcecode.swift; path = ProfileViewController.swift; sourceTree = "<group>"; };
		6DCAF3982A6C768600877579 /* LikeViewController.swift */ = {isa = PBXFileReference; lastKnownFileType = sourcecode.swift; path = LikeViewController.swift; sourceTree = "<group>"; };
		6DCAF39C2A6C76DD00877579 /* Extensions.swift */ = {isa = PBXFileReference; lastKnownFileType = sourcecode.swift; path = Extensions.swift; sourceTree = "<group>"; };
		6DCAF3A32A6C7CE200877579 /* GoogleService-Info.plist */ = {isa = PBXFileReference; fileEncoding = 4; lastKnownFileType = text.plist.xml; path = "GoogleService-Info.plist"; sourceTree = "<group>"; };
		6DCAF3A52A6C899600877579 /* AuthenticationManager.swift */ = {isa = PBXFileReference; lastKnownFileType = sourcecode.swift; path = AuthenticationManager.swift; sourceTree = "<group>"; };
		6DCAF3A72A6C8B2300877579 /* WelcomeViewController.swift */ = {isa = PBXFileReference; lastKnownFileType = sourcecode.swift; path = WelcomeViewController.swift; sourceTree = "<group>"; };
		6DCAF3A92A6C8B3000877579 /* SignInViewController.swift */ = {isa = PBXFileReference; lastKnownFileType = sourcecode.swift; path = SignInViewController.swift; sourceTree = "<group>"; };
		6DCAF3AF2A6D430E00877579 /* AuthButton.swift */ = {isa = PBXFileReference; lastKnownFileType = sourcecode.swift; path = AuthButton.swift; sourceTree = "<group>"; };
		6DCAF3B12A6D4DD500877579 /* AuthField.swift */ = {isa = PBXFileReference; lastKnownFileType = sourcecode.swift; path = AuthField.swift; sourceTree = "<group>"; };
		6DCAF3B52A6DB67100877579 /* SignUpViewController.swift */ = {isa = PBXFileReference; lastKnownFileType = sourcecode.swift; path = SignUpViewController.swift; sourceTree = "<group>"; };
		6DCAF3B72A6DCC1100877579 /* ConfirmViewController.swift */ = {isa = PBXFileReference; lastKnownFileType = sourcecode.swift; path = ConfirmViewController.swift; sourceTree = "<group>"; };
		6DCAF3B92A6EBE4900877579 /* HapticsManager.swift */ = {isa = PBXFileReference; lastKnownFileType = sourcecode.swift; path = HapticsManager.swift; sourceTree = "<group>"; };
		6DCAF3BB2A6EFF6500877579 /* DatabaseManager.swift */ = {isa = PBXFileReference; lastKnownFileType = sourcecode.swift; path = DatabaseManager.swift; sourceTree = "<group>"; };
		6DCAF3BE2A6F010C00877579 /* User.swift */ = {isa = PBXFileReference; lastKnownFileType = sourcecode.swift; path = User.swift; sourceTree = "<group>"; };
		6DCD2A2B2A754F36001CED59 /* IconImage.swift */ = {isa = PBXFileReference; lastKnownFileType = sourcecode.swift; path = IconImage.swift; sourceTree = "<group>"; };
		6DCD2A2D2A754F53001CED59 /* LabelField.swift */ = {isa = PBXFileReference; lastKnownFileType = sourcecode.swift; path = LabelField.swift; sourceTree = "<group>"; };
		6DCD2A312A7550C2001CED59 /* LineView.swift */ = {isa = PBXFileReference; lastKnownFileType = sourcecode.swift; path = LineView.swift; sourceTree = "<group>"; };
		7C10C77756120DD591A3A52E /* Pods-VK.release.xcconfig */ = {isa = PBXFileReference; includeInIndex = 1; lastKnownFileType = text.xcconfig; name = "Pods-VK.release.xcconfig"; path = "Target Support Files/Pods-VK/Pods-VK.release.xcconfig"; sourceTree = "<group>"; };
		E027710D3F87580522E0D008 /* Pods_VK.framework */ = {isa = PBXFileReference; explicitFileType = wrapper.framework; includeInIndex = 0; path = Pods_VK.framework; sourceTree = BUILT_PRODUCTS_DIR; };
/* End PBXFileReference section */

/* Begin PBXFrameworksBuildPhase section */
		6DCAF3762A6C759A00877579 /* Frameworks */ = {
			isa = PBXFrameworksBuildPhase;
			buildActionMask = 2147483647;
			files = (
				6DB90A752A93CA1A00120648 /* RealmSwift in Frameworks */,
				6DB90A732A93CA1A00120648 /* Realm in Frameworks */,
				6DB0997E2A814EEE00C42E5F /* KeychainAccess in Frameworks */,
				EECA3D72848FB837D586F7B9 /* Pods_VK.framework in Frameworks */,
			);
			runOnlyForDeploymentPostprocessing = 0;
		};
/* End PBXFrameworksBuildPhase section */

/* Begin PBXGroup section */
		4E103A445CA2ED5DB551D811 /* Pods */ = {
			isa = PBXGroup;
			children = (
				318D354CD2D25D88562FEC45 /* Pods-VK.debug.xcconfig */,
				7C10C77756120DD591A3A52E /* Pods-VK.release.xcconfig */,
			);
			path = Pods;
			sourceTree = "<group>";
		};
		6DB099552A80690800C42E5F /* Sections */ = {
			isa = PBXGroup;
			children = (
				6DB0995A2A80697400C42E5F /* Search */,
				6DB099592A80696900C42E5F /* Post */,
				6DB099582A80695400C42E5F /* Photo */,
			);
			path = Sections;
			sourceTree = "<group>";
		};
		6DB099562A80692300C42E5F /* Profile */ = {
			isa = PBXGroup;
			children = (
				6DCD2A352A755175001CED59 /* Header */,
				6DB099552A80690800C42E5F /* Sections */,
			);
			path = Profile;
			sourceTree = "<group>";
		};
		6DB099572A80693100C42E5F /* Home */ = {
			isa = PBXGroup;
			children = (
				6DB0994B2A8054B700C42E5F /* StoryCollectionViewCell.swift */,
			);
			path = Home;
			sourceTree = "<group>";
		};
		6DB099582A80695400C42E5F /* Photo */ = {
			isa = PBXGroup;
			children = (
				6DB0993D2A7C17DC00C42E5F /* PhotosTableViewCell.swift */,
				6DB0993F2A7C185600C42E5F /* PhotosCollectionViewCell.swift */,
			);
			path = Photo;
			sourceTree = "<group>";
		};
		6DB099592A80696900C42E5F /* Post */ = {
			isa = PBXGroup;
			children = (
				6DB0994D2A805BEC00C42E5F /* PostTableViewCell.swift */,
				6DB099A82A8BB0F500C42E5F /* CommentTableViewCell.swift */,
			);
			path = Post;
			sourceTree = "<group>";
		};
		6DB0995A2A80697400C42E5F /* Search */ = {
			isa = PBXGroup;
			children = (
				6DB099512A80615A00C42E5F /* SearchBarTableViewCell.swift */,
			);
			path = Search;
			sourceTree = "<group>";
		};
		6DB0995B2A8069C700C42E5F /* Other */ = {
			isa = PBXGroup;
			children = (
				6DB099A22A8A5F9100C42E5F /* FurtherInformationViewController.swift */,
				6DB0998B2A88BACA00C42E5F /* CameraViewController.swift */,
				6DB099412A7C187700C42E5F /* PhotosViewController.swift */,
				6DB099892A87E0C400C42E5F /* PostAddViewController.swift */,
				6DB099AA2A8BB4A100C42E5F /* CommentsViewController.swift */,
				6DB099AC2A8CB7DE00C42E5F /* VideoViewController.swift */,
				6DB099AE2A8D207D00C42E5F /* CameraSavePhotoViewController.swift */,
			);
			path = Other;
			sourceTree = "<group>";
		};
		6DB099992A8A4B3C00C42E5F /* EditInformation */ = {
			isa = PBXGroup;
			children = (
				6DB099952A8A4B2900C42E5F /* EducationViewController.swift */,
				6DB099972A8A4B3200C42E5F /* WorkViewController.swift */,
				6DB099912A8A3AFE00C42E5F /* InformationViewController.swift */,
				6DB099932A8A4B1D00C42E5F /* HobbyViewController.swift */,
			);
			path = EditInformation;
			sourceTree = "<group>";
		};
		6DB0999B2A8A4D3100C42E5F /* Details */ = {
			isa = PBXGroup;
			children = (
				6DB0999C2A8A4D6300C42E5F /* SavedViewController.swift */,
				6DB0999E2A8A4D7400C42E5F /* FilesViewController.swift */,
				6DB099B02A8D352F00C42E5F /* DataViewController.swift */,
				6DB099B42A8D36B100C42E5F /* TextViewController.swift */,
			);
			path = Details;
			sourceTree = "<group>";
		};
		6DB90A762A93CA5A00120648 /* Realm */ = {
			isa = PBXGroup;
			children = (
				6DB90A772A93CA6600120648 /* Model.swift */,
				6DB90A792A93CCA600120648 /* RealmManager.swift */,
			);
			path = Realm;
			sourceTree = "<group>";
		};
		6DCAF3702A6C759A00877579 = {
			isa = PBXGroup;
			children = (
				6DCAF37B2A6C759A00877579 /* VK */,
				6DCAF37A2A6C759A00877579 /* Products */,
				4E103A445CA2ED5DB551D811 /* Pods */,
				9118A9FD96AF6B7A8152E2FD /* Frameworks */,
			);
			sourceTree = "<group>";
		};
		6DCAF37A2A6C759A00877579 /* Products */ = {
			isa = PBXGroup;
			children = (
				6DCAF3792A6C759A00877579 /* VK.app */,
			);
			name = Products;
			sourceTree = "<group>";
		};
		6DCAF37B2A6C759A00877579 /* VK */ = {
			isa = PBXGroup;
			children = (
				6DB90A762A93CA5A00120648 /* Realm */,
				6DCAF3BD2A6F010000877579 /* Model */,
				6DCAF3A02A6C780500877579 /* Manager */,
				6DCAF39F2A6C77FD00877579 /* ViewModels */,
				6DCAF39E2A6C77F600877579 /* Views */,
				6DCAF38A2A6C759B00877579 /* Info.plist */,
				6DCAF39B2A6C76B900877579 /* Resources */,
				6DCAF39A2A6C768B00877579 /* Controller */,
			);
			path = VK;
			sourceTree = "<group>";
		};
		6DCAF39A2A6C768B00877579 /* Controller */ = {
			isa = PBXGroup;
			children = (
				6DB0999B2A8A4D3100C42E5F /* Details */,
				6DB099992A8A4B3C00C42E5F /* EditInformation */,
				6DB0995B2A8069C700C42E5F /* Other */,
				6DCD2A342A75514A001CED59 /* HalfScreen */,
				6DCD2A332A75511C001CED59 /* TabBarVC */,
				6DCAF3B42A6D4E0C00877579 /* Auth */,
			);
			path = Controller;
			sourceTree = "<group>";
		};
		6DCAF39B2A6C76B900877579 /* Resources */ = {
			isa = PBXGroup;
			children = (
				6DCAF3A32A6C7CE200877579 /* GoogleService-Info.plist */,
				6DCAF3852A6C759B00877579 /* Assets.xcassets */,
				6DCAF37E2A6C759A00877579 /* SceneDelegate.swift */,
				6DCAF37C2A6C759A00877579 /* AppDelegate.swift */,
				6DCAF39C2A6C76DD00877579 /* Extensions.swift */,
				6DB099872A87BC6E00C42E5F /* postfile.strings */,
				6DB099A42A8A96A900C42E5F /* NavigationRouter.swift */,
				6DB099BD2A8E52E000C42E5F /* StringExtension.swift */,
				6DB099DD2A8EA1B400C42E5F /* Localizable.strings */,
				6DB099DF2A8F720300C42E5F /* ColorExtenstion.swift */,
				6DB099E52A8FD53A00C42E5F /* Localizable.stringsdict */,
			);
			path = Resources;
			sourceTree = "<group>";
		};
		6DCAF39E2A6C77F600877579 /* Views */ = {
			isa = PBXGroup;
			children = (
				6DB099572A80693100C42E5F /* Home */,
				6DB099562A80692300C42E5F /* Profile */,
				6DCAF3A22A6C784000877579 /* Other */,
				6DCAF3A12A6C782300877579 /* Storyboards */,
			);
			path = Views;
			sourceTree = "<group>";
		};
		6DCAF39F2A6C77FD00877579 /* ViewModels */ = {
			isa = PBXGroup;
			children = (
				6DB6CE9B2A7ACCDF00ACD787 /* ProfileHeaderViewModel.swift */,
				6DB099432A7C18FE00C42E5F /* PhotoViewModel.swift */,
			);
			path = ViewModels;
			sourceTree = "<group>";
		};
		6DCAF3A02A6C780500877579 /* Manager */ = {
			isa = PBXGroup;
			children = (
				6DCAF3A52A6C899600877579 /* AuthenticationManager.swift */,
				6DCAF3B92A6EBE4900877579 /* HapticsManager.swift */,
				6DCAF3BB2A6EFF6500877579 /* DatabaseManager.swift */,
				6D639C6E2A73F521002EB654 /* AlertManager.swift */,
				6DB0997A2A814E7A00C42E5F /* KeychainManager.swift */,
				6DB099A62A8BAD9F00C42E5F /* StorageManager.swift */,
			);
			path = Manager;
			sourceTree = "<group>";
		};
		6DCAF3A12A6C782300877579 /* Storyboards */ = {
			isa = PBXGroup;
			children = (
				6DCAF3872A6C759B00877579 /* LaunchScreen.storyboard */,
			);
			path = Storyboards;
			sourceTree = "<group>";
		};
		6DCAF3A22A6C784000877579 /* Other */ = {
			isa = PBXGroup;
			children = (
				6DCAF3B32A6D4DFA00877579 /* Auth */,
				6DCD2A2B2A754F36001CED59 /* IconImage.swift */,
				6DCD2A2D2A754F53001CED59 /* LabelField.swift */,
				6DCD2A312A7550C2001CED59 /* LineView.swift */,
				6DB0997F2A85984600C42E5F /* LineVerticalView.swift */,
				6DB0998D2A88BB7900C42E5F /* RoundButtonWithDot.swift */,
				6DB0998F2A89184A00C42E5F /* ImagePicker.swift */,
				6DB099A02A8A511700C42E5F /* SwiftyRecordButton.swift */,
				6DB099B22A8D367100C42E5F /* TextPicker.swift */,
				6DB099E72A9007F100C42E5F /* LabelFutherInformationField.swift */,
			);
			path = Other;
			sourceTree = "<group>";
		};
		6DCAF3B32A6D4DFA00877579 /* Auth */ = {
			isa = PBXGroup;
			children = (
				6DCAF3AF2A6D430E00877579 /* AuthButton.swift */,
				6DCAF3B12A6D4DD500877579 /* AuthField.swift */,
			);
			path = Auth;
			sourceTree = "<group>";
		};
		6DCAF3B42A6D4E0C00877579 /* Auth */ = {
			isa = PBXGroup;
			children = (
				6DCAF3A72A6C8B2300877579 /* WelcomeViewController.swift */,
				6DCAF3A92A6C8B3000877579 /* SignInViewController.swift */,
				6DCAF3B52A6DB67100877579 /* SignUpViewController.swift */,
				6DCAF3B72A6DCC1100877579 /* ConfirmViewController.swift */,
			);
			path = Auth;
			sourceTree = "<group>";
		};
		6DCAF3BD2A6F010000877579 /* Model */ = {
			isa = PBXGroup;
			children = (
				6DCAF3BE2A6F010C00877579 /* User.swift */,
				6DB099452A7C192C00C42E5F /* Photos.swift */,
				6DB0994F2A80611000C42E5F /* SearchBar.swift */,
				6DB099812A86C12B00C42E5F /* Post.swift */,
				6DB099832A86C28000C42E5F /* PostComment.swift */,
			);
			path = Model;
			sourceTree = "<group>";
		};
		6DCD2A332A75511C001CED59 /* TabBarVC */ = {
			isa = PBXGroup;
			children = (
				6DCAF3802A6C759A00877579 /* HomeViewController.swift */,
				6DCAF3962A6C767900877579 /* ProfileViewController.swift */,
				6DCAF3942A6C765E00877579 /* TabBarViewController.swift */,
				6DCAF3982A6C768600877579 /* LikeViewController.swift */,
			);
			path = TabBarVC;
			sourceTree = "<group>";
		};
		6DCD2A342A75514A001CED59 /* HalfScreen */ = {
			isa = PBXGroup;
			children = (
				6D6837772A753D70005E40C1 /* DetailsProfilePresentationController.swift */,
				6DB099492A7F15A000C42E5F /* EditProfilePresentationController.swift */,
			);
			path = HalfScreen;
			sourceTree = "<group>";
		};
		6DCD2A352A755175001CED59 /* Header */ = {
			isa = PBXGroup;
			children = (
				6D639C702A752CFD002EB654 /* ProfileTableHeaderView.swift */,
			);
			path = Header;
			sourceTree = "<group>";
		};
		9118A9FD96AF6B7A8152E2FD /* Frameworks */ = {
			isa = PBXGroup;
			children = (
				E027710D3F87580522E0D008 /* Pods_VK.framework */,
			);
			name = Frameworks;
			sourceTree = "<group>";
		};
/* End PBXGroup section */

/* Begin PBXNativeTarget section */
		6DCAF3782A6C759A00877579 /* VK */ = {
			isa = PBXNativeTarget;
			buildConfigurationList = 6DCAF38D2A6C759B00877579 /* Build configuration list for PBXNativeTarget "VK" */;
			buildPhases = (
				7ADA08076E7561C49AF1B1B1 /* [CP] Check Pods Manifest.lock */,
				6DCAF3752A6C759A00877579 /* Sources */,
				6DCAF3762A6C759A00877579 /* Frameworks */,
				6DCAF3772A6C759A00877579 /* Resources */,
				126D855532400F18390F8A8D /* [CP] Embed Pods Frameworks */,
			);
			buildRules = (
			);
			dependencies = (
			);
			name = VK;
			packageProductDependencies = (
				6DB0997D2A814EEE00C42E5F /* KeychainAccess */,
				6DB90A722A93CA1A00120648 /* Realm */,
				6DB90A742A93CA1A00120648 /* RealmSwift */,
			);
			productName = VK;
			productReference = 6DCAF3792A6C759A00877579 /* VK.app */;
			productType = "com.apple.product-type.application";
		};
/* End PBXNativeTarget section */

/* Begin PBXProject section */
		6DCAF3712A6C759A00877579 /* Project object */ = {
			isa = PBXProject;
			attributes = {
				BuildIndependentTargetsInParallel = 1;
				LastSwiftUpdateCheck = 1430;
				LastUpgradeCheck = 1430;
				TargetAttributes = {
					6DCAF3782A6C759A00877579 = {
						CreatedOnToolsVersion = 14.3.1;
					};
				};
			};
			buildConfigurationList = 6DCAF3742A6C759A00877579 /* Build configuration list for PBXProject "VK" */;
			compatibilityVersion = "Xcode 14.0";
			developmentRegion = en;
			hasScannedForEncodings = 0;
			knownRegions = (
				en,
				Base,
				ru,
			);
			mainGroup = 6DCAF3702A6C759A00877579;
			packageReferences = (
				6DB0997C2A814EEE00C42E5F /* XCRemoteSwiftPackageReference "KeychainAccess" */,
				6DB90A712A93CA1A00120648 /* XCRemoteSwiftPackageReference "realm-swift" */,
			);
			productRefGroup = 6DCAF37A2A6C759A00877579 /* Products */;
			projectDirPath = "";
			projectRoot = "";
			targets = (
				6DCAF3782A6C759A00877579 /* VK */,
			);
		};
/* End PBXProject section */

/* Begin PBXResourcesBuildPhase section */
		6DCAF3772A6C759A00877579 /* Resources */ = {
			isa = PBXResourcesBuildPhase;
			buildActionMask = 2147483647;
			files = (
				6DB099DB2A8EA1B400C42E5F /* Localizable.strings in Resources */,
				6DCAF3892A6C759B00877579 /* LaunchScreen.storyboard in Resources */,
				6DCAF3862A6C759B00877579 /* Assets.xcassets in Resources */,
				6DB099882A87BC6E00C42E5F /* postfile.strings in Resources */,
				6DCAF3A42A6C7CE200877579 /* GoogleService-Info.plist in Resources */,
				6DB099E32A8FD53A00C42E5F /* Localizable.stringsdict in Resources */,
			);
			runOnlyForDeploymentPostprocessing = 0;
		};
/* End PBXResourcesBuildPhase section */

/* Begin PBXShellScriptBuildPhase section */
		126D855532400F18390F8A8D /* [CP] Embed Pods Frameworks */ = {
			isa = PBXShellScriptBuildPhase;
			buildActionMask = 2147483647;
			files = (
			);
			inputFileListPaths = (
				"${PODS_ROOT}/Target Support Files/Pods-VK/Pods-VK-frameworks-${CONFIGURATION}-input-files.xcfilelist",
			);
			name = "[CP] Embed Pods Frameworks";
			outputFileListPaths = (
				"${PODS_ROOT}/Target Support Files/Pods-VK/Pods-VK-frameworks-${CONFIGURATION}-output-files.xcfilelist",
			);
			runOnlyForDeploymentPostprocessing = 0;
			shellPath = /bin/sh;
			shellScript = "\"${PODS_ROOT}/Target Support Files/Pods-VK/Pods-VK-frameworks.sh\"\n";
			showEnvVarsInLog = 0;
		};
		7ADA08076E7561C49AF1B1B1 /* [CP] Check Pods Manifest.lock */ = {
			isa = PBXShellScriptBuildPhase;
			buildActionMask = 2147483647;
			files = (
			);
			inputFileListPaths = (
			);
			inputPaths = (
				"${PODS_PODFILE_DIR_PATH}/Podfile.lock",
				"${PODS_ROOT}/Manifest.lock",
			);
			name = "[CP] Check Pods Manifest.lock";
			outputFileListPaths = (
			);
			outputPaths = (
				"$(DERIVED_FILE_DIR)/Pods-VK-checkManifestLockResult.txt",
			);
			runOnlyForDeploymentPostprocessing = 0;
			shellPath = /bin/sh;
			shellScript = "diff \"${PODS_PODFILE_DIR_PATH}/Podfile.lock\" \"${PODS_ROOT}/Manifest.lock\" > /dev/null\nif [ $? != 0 ] ; then\n    # print error to STDERR\n    echo \"error: The sandbox is not in sync with the Podfile.lock. Run 'pod install' or update your CocoaPods installation.\" >&2\n    exit 1\nfi\n# This output is used by Xcode 'outputs' to avoid re-running this script phase.\necho \"SUCCESS\" > \"${SCRIPT_OUTPUT_FILE_0}\"\n";
			showEnvVarsInLog = 0;
		};
/* End PBXShellScriptBuildPhase section */

/* Begin PBXSourcesBuildPhase section */
		6DCAF3752A6C759A00877579 /* Sources */ = {
			isa = PBXSourcesBuildPhase;
			buildActionMask = 2147483647;
			files = (
				6DB90A782A93CA6600120648 /* Model.swift in Sources */,
				6DCD2A322A7550C2001CED59 /* LineView.swift in Sources */,
				6DCAF3BC2A6EFF6500877579 /* DatabaseManager.swift in Sources */,
				6DB099402A7C185600C42E5F /* PhotosCollectionViewCell.swift in Sources */,
				6DB0998A2A87E0C400C42E5F /* PostAddViewController.swift in Sources */,
				6DB0994A2A7F15A000C42E5F /* EditProfilePresentationController.swift in Sources */,
				6DB0998E2A88BB7900C42E5F /* RoundButtonWithDot.swift in Sources */,
				6DB0999D2A8A4D6300C42E5F /* SavedViewController.swift in Sources */,
				6DB099E02A8F720300C42E5F /* ColorExtenstion.swift in Sources */,
				6DB099E82A9007F100C42E5F /* LabelFutherInformationField.swift in Sources */,
				6DCAF3B22A6D4DD500877579 /* AuthField.swift in Sources */,
				6DB099942A8A4B1D00C42E5F /* HobbyViewController.swift in Sources */,
				6DCAF3972A6C767900877579 /* ProfileViewController.swift in Sources */,
				6DB099A52A8A96A900C42E5F /* NavigationRouter.swift in Sources */,
				6DCD2A2C2A754F36001CED59 /* IconImage.swift in Sources */,
				6DB099B52A8D36B100C42E5F /* TextViewController.swift in Sources */,
				6DB099502A80611000C42E5F /* SearchBar.swift in Sources */,
				6DCAF3A62A6C899600877579 /* AuthenticationManager.swift in Sources */,
				6DB099962A8A4B2900C42E5F /* EducationViewController.swift in Sources */,
				6D6837782A753D70005E40C1 /* DetailsProfilePresentationController.swift in Sources */,
				6DCAF3BA2A6EBE4900877579 /* HapticsManager.swift in Sources */,
				6DB0999F2A8A4D7400C42E5F /* FilesViewController.swift in Sources */,
				6DB0998C2A88BACA00C42E5F /* CameraViewController.swift in Sources */,
				6DB099B12A8D352F00C42E5F /* DataViewController.swift in Sources */,
				6DB0997B2A814E7A00C42E5F /* KeychainManager.swift in Sources */,
				6DB90A7A2A93CCA600120648 /* RealmManager.swift in Sources */,
				6DB099802A85984600C42E5F /* LineVerticalView.swift in Sources */,
				6DB099A92A8BB0F500C42E5F /* CommentTableViewCell.swift in Sources */,
				6DCAF3992A6C768600877579 /* LikeViewController.swift in Sources */,
				6DB099AF2A8D207D00C42E5F /* CameraSavePhotoViewController.swift in Sources */,
				6DB099442A7C18FE00C42E5F /* PhotoViewModel.swift in Sources */,
				6DCAF3812A6C759A00877579 /* HomeViewController.swift in Sources */,
				6DB099A32A8A5F9100C42E5F /* FurtherInformationViewController.swift in Sources */,
				6DB099982A8A4B3200C42E5F /* WorkViewController.swift in Sources */,
				6DB0994C2A8054B700C42E5F /* StoryCollectionViewCell.swift in Sources */,
				6DB099AD2A8CB7DE00C42E5F /* VideoViewController.swift in Sources */,
				6DB099BE2A8E52E000C42E5F /* StringExtension.swift in Sources */,
				6DB6CE9C2A7ACCDF00ACD787 /* ProfileHeaderViewModel.swift in Sources */,
				6DCAF3BF2A6F010C00877579 /* User.swift in Sources */,
				6D639C6F2A73F521002EB654 /* AlertManager.swift in Sources */,
				6DCAF3B82A6DCC1100877579 /* ConfirmViewController.swift in Sources */,
				6DCAF3B62A6DB67100877579 /* SignUpViewController.swift in Sources */,
				6DB0994E2A805BEC00C42E5F /* PostTableViewCell.swift in Sources */,
				6DCAF3AA2A6C8B3000877579 /* SignInViewController.swift in Sources */,
				6DB099462A7C192C00C42E5F /* Photos.swift in Sources */,
				6DB099902A89184A00C42E5F /* ImagePicker.swift in Sources */,
				6DB099B32A8D367100C42E5F /* TextPicker.swift in Sources */,
				6DCAF37D2A6C759A00877579 /* AppDelegate.swift in Sources */,
				6DCAF3B02A6D430E00877579 /* AuthButton.swift in Sources */,
				6DCAF3A82A6C8B2300877579 /* WelcomeViewController.swift in Sources */,
				6DB099A12A8A511700C42E5F /* SwiftyRecordButton.swift in Sources */,
				6DCD2A2E2A754F53001CED59 /* LabelField.swift in Sources */,
				6DB099822A86C12B00C42E5F /* Post.swift in Sources */,
				6DCAF3952A6C765E00877579 /* TabBarViewController.swift in Sources */,
				6DB099AB2A8BB4A100C42E5F /* CommentsViewController.swift in Sources */,
				6D639C712A752CFD002EB654 /* ProfileTableHeaderView.swift in Sources */,
				6DB0993E2A7C17DC00C42E5F /* PhotosTableViewCell.swift in Sources */,
				6DCAF37F2A6C759A00877579 /* SceneDelegate.swift in Sources */,
				6DB099422A7C187700C42E5F /* PhotosViewController.swift in Sources */,
				6DB099522A80615A00C42E5F /* SearchBarTableViewCell.swift in Sources */,
				6DB099842A86C28000C42E5F /* PostComment.swift in Sources */,
				6DCAF39D2A6C76DD00877579 /* Extensions.swift in Sources */,
				6DB099922A8A3AFE00C42E5F /* InformationViewController.swift in Sources */,
				6DB099A72A8BAD9F00C42E5F /* StorageManager.swift in Sources */,
			);
			runOnlyForDeploymentPostprocessing = 0;
		};
/* End PBXSourcesBuildPhase section */

/* Begin PBXVariantGroup section */
		6DB099DD2A8EA1B400C42E5F /* Localizable.strings */ = {
			isa = PBXVariantGroup;
			children = (
				6DB099DE2A8EA1BE00C42E5F /* ru */,
			);
			name = Localizable.strings;
			sourceTree = "<group>";
		};
		6DB099E52A8FD53A00C42E5F /* Localizable.stringsdict */ = {
			isa = PBXVariantGroup;
			children = (
				6DB099E42A8FD53A00C42E5F /* ru */,
				6DB099E62A8FD79400C42E5F /* en */,
			);
			name = Localizable.stringsdict;
			sourceTree = "<group>";
		};
		6DCAF3872A6C759B00877579 /* LaunchScreen.storyboard */ = {
			isa = PBXVariantGroup;
			children = (
				6DCAF3882A6C759B00877579 /* Base */,
				6DB099D82A8EA19700C42E5F /* ru */,
			);
			name = LaunchScreen.storyboard;
			sourceTree = "<group>";
		};
/* End PBXVariantGroup section */

/* Begin XCBuildConfiguration section */
		6DCAF38B2A6C759B00877579 /* Debug */ = {
			isa = XCBuildConfiguration;
			buildSettings = {
				ALWAYS_SEARCH_USER_PATHS = NO;
				CLANG_ANALYZER_LOCALIZABILITY_NONLOCALIZED = YES;
				CLANG_ANALYZER_NONNULL = YES;
				CLANG_ANALYZER_NUMBER_OBJECT_CONVERSION = YES_AGGRESSIVE;
				CLANG_CXX_LANGUAGE_STANDARD = "gnu++20";
				CLANG_ENABLE_MODULES = YES;
				CLANG_ENABLE_OBJC_ARC = YES;
				CLANG_ENABLE_OBJC_WEAK = YES;
				CLANG_WARN_BLOCK_CAPTURE_AUTORELEASING = YES;
				CLANG_WARN_BOOL_CONVERSION = YES;
				CLANG_WARN_COMMA = YES;
				CLANG_WARN_CONSTANT_CONVERSION = YES;
				CLANG_WARN_DEPRECATED_OBJC_IMPLEMENTATIONS = YES;
				CLANG_WARN_DIRECT_OBJC_ISA_USAGE = YES_ERROR;
				CLANG_WARN_DOCUMENTATION_COMMENTS = YES;
				CLANG_WARN_EMPTY_BODY = YES;
				CLANG_WARN_ENUM_CONVERSION = YES;
				CLANG_WARN_INFINITE_RECURSION = YES;
				CLANG_WARN_INT_CONVERSION = YES;
				CLANG_WARN_NON_LITERAL_NULL_CONVERSION = YES;
				CLANG_WARN_OBJC_IMPLICIT_RETAIN_SELF = YES;
				CLANG_WARN_OBJC_LITERAL_CONVERSION = YES;
				CLANG_WARN_OBJC_ROOT_CLASS = YES_ERROR;
				CLANG_WARN_QUOTED_INCLUDE_IN_FRAMEWORK_HEADER = YES;
				CLANG_WARN_RANGE_LOOP_ANALYSIS = YES;
				CLANG_WARN_STRICT_PROTOTYPES = YES;
				CLANG_WARN_SUSPICIOUS_MOVE = YES;
				CLANG_WARN_UNGUARDED_AVAILABILITY = YES_AGGRESSIVE;
				CLANG_WARN_UNREACHABLE_CODE = YES;
				CLANG_WARN__DUPLICATE_METHOD_MATCH = YES;
				COPY_PHASE_STRIP = NO;
				DEBUG_INFORMATION_FORMAT = dwarf;
				ENABLE_STRICT_OBJC_MSGSEND = YES;
				ENABLE_TESTABILITY = YES;
				GCC_C_LANGUAGE_STANDARD = gnu11;
				GCC_DYNAMIC_NO_PIC = NO;
				GCC_NO_COMMON_BLOCKS = YES;
				GCC_OPTIMIZATION_LEVEL = 0;
				GCC_PREPROCESSOR_DEFINITIONS = (
					"DEBUG=1",
					"$(inherited)",
				);
				GCC_WARN_64_TO_32_BIT_CONVERSION = YES;
				GCC_WARN_ABOUT_RETURN_TYPE = YES_ERROR;
				GCC_WARN_UNDECLARED_SELECTOR = YES;
				GCC_WARN_UNINITIALIZED_AUTOS = YES_AGGRESSIVE;
				GCC_WARN_UNUSED_FUNCTION = YES;
				GCC_WARN_UNUSED_VARIABLE = YES;
				IPHONEOS_DEPLOYMENT_TARGET = 16.4;
				MTL_ENABLE_DEBUG_INFO = INCLUDE_SOURCE;
				MTL_FAST_MATH = YES;
				ONLY_ACTIVE_ARCH = YES;
				SDKROOT = iphoneos;
				SWIFT_ACTIVE_COMPILATION_CONDITIONS = DEBUG;
				SWIFT_OPTIMIZATION_LEVEL = "-Onone";
			};
			name = Debug;
		};
		6DCAF38C2A6C759B00877579 /* Release */ = {
			isa = XCBuildConfiguration;
			buildSettings = {
				ALWAYS_SEARCH_USER_PATHS = NO;
				CLANG_ANALYZER_LOCALIZABILITY_NONLOCALIZED = YES;
				CLANG_ANALYZER_NONNULL = YES;
				CLANG_ANALYZER_NUMBER_OBJECT_CONVERSION = YES_AGGRESSIVE;
				CLANG_CXX_LANGUAGE_STANDARD = "gnu++20";
				CLANG_ENABLE_MODULES = YES;
				CLANG_ENABLE_OBJC_ARC = YES;
				CLANG_ENABLE_OBJC_WEAK = YES;
				CLANG_WARN_BLOCK_CAPTURE_AUTORELEASING = YES;
				CLANG_WARN_BOOL_CONVERSION = YES;
				CLANG_WARN_COMMA = YES;
				CLANG_WARN_CONSTANT_CONVERSION = YES;
				CLANG_WARN_DEPRECATED_OBJC_IMPLEMENTATIONS = YES;
				CLANG_WARN_DIRECT_OBJC_ISA_USAGE = YES_ERROR;
				CLANG_WARN_DOCUMENTATION_COMMENTS = YES;
				CLANG_WARN_EMPTY_BODY = YES;
				CLANG_WARN_ENUM_CONVERSION = YES;
				CLANG_WARN_INFINITE_RECURSION = YES;
				CLANG_WARN_INT_CONVERSION = YES;
				CLANG_WARN_NON_LITERAL_NULL_CONVERSION = YES;
				CLANG_WARN_OBJC_IMPLICIT_RETAIN_SELF = YES;
				CLANG_WARN_OBJC_LITERAL_CONVERSION = YES;
				CLANG_WARN_OBJC_ROOT_CLASS = YES_ERROR;
				CLANG_WARN_QUOTED_INCLUDE_IN_FRAMEWORK_HEADER = YES;
				CLANG_WARN_RANGE_LOOP_ANALYSIS = YES;
				CLANG_WARN_STRICT_PROTOTYPES = YES;
				CLANG_WARN_SUSPICIOUS_MOVE = YES;
				CLANG_WARN_UNGUARDED_AVAILABILITY = YES_AGGRESSIVE;
				CLANG_WARN_UNREACHABLE_CODE = YES;
				CLANG_WARN__DUPLICATE_METHOD_MATCH = YES;
				COPY_PHASE_STRIP = NO;
				DEBUG_INFORMATION_FORMAT = "dwarf-with-dsym";
				ENABLE_NS_ASSERTIONS = NO;
				ENABLE_STRICT_OBJC_MSGSEND = YES;
				GCC_C_LANGUAGE_STANDARD = gnu11;
				GCC_NO_COMMON_BLOCKS = YES;
				GCC_WARN_64_TO_32_BIT_CONVERSION = YES;
				GCC_WARN_ABOUT_RETURN_TYPE = YES_ERROR;
				GCC_WARN_UNDECLARED_SELECTOR = YES;
				GCC_WARN_UNINITIALIZED_AUTOS = YES_AGGRESSIVE;
				GCC_WARN_UNUSED_FUNCTION = YES;
				GCC_WARN_UNUSED_VARIABLE = YES;
				IPHONEOS_DEPLOYMENT_TARGET = 16.4;
				MTL_ENABLE_DEBUG_INFO = NO;
				MTL_FAST_MATH = YES;
				SDKROOT = iphoneos;
				SWIFT_COMPILATION_MODE = wholemodule;
				SWIFT_OPTIMIZATION_LEVEL = "-O";
				VALIDATE_PRODUCT = YES;
			};
			name = Release;
		};
		6DCAF38E2A6C759B00877579 /* Debug */ = {
			isa = XCBuildConfiguration;
			baseConfigurationReference = 318D354CD2D25D88562FEC45 /* Pods-VK.debug.xcconfig */;
			buildSettings = {
				ASSETCATALOG_COMPILER_APPICON_NAME = AppIcon;
				ASSETCATALOG_COMPILER_GLOBAL_ACCENT_COLOR_NAME = AccentColor;
				CODE_SIGN_STYLE = Automatic;
				CURRENT_PROJECT_VERSION = 1;
				DEVELOPMENT_TEAM = 92RNZ7CX2N;
				GENERATE_INFOPLIST_FILE = YES;
				INFOPLIST_FILE = VK/Info.plist;
				INFOPLIST_KEY_NSCameraUsageDescription = "Для доступа к фото";
				INFOPLIST_KEY_NSMicrophoneUsageDescription = "Для записи видео требуется микрфон";
				INFOPLIST_KEY_UIApplicationSupportsIndirectInputEvents = YES;
				INFOPLIST_KEY_UILaunchStoryboardName = LaunchScreen;
				INFOPLIST_KEY_UIStatusBarStyle = "";
				INFOPLIST_KEY_UISupportedInterfaceOrientations = UIInterfaceOrientationPortrait;
				IPHONEOS_DEPLOYMENT_TARGET = 13.0;
				LD_RUNPATH_SEARCH_PATHS = (
					"$(inherited)",
					"@executable_path/Frameworks",
				);
				MARKETING_VERSION = 1.0;
				PRODUCT_BUNDLE_IDENTIFIER = Elya.VK;
				PRODUCT_NAME = "$(TARGET_NAME)";
				SUPPORTED_PLATFORMS = "iphoneos iphonesimulator";
				SUPPORTS_MACCATALYST = NO;
				SUPPORTS_MAC_DESIGNED_FOR_IPHONE_IPAD = NO;
				SWIFT_EMIT_LOC_STRINGS = YES;
				SWIFT_VERSION = 5.0;
				TARGETED_DEVICE_FAMILY = "1,2";
			};
			name = Debug;
		};
		6DCAF38F2A6C759B00877579 /* Release */ = {
			isa = XCBuildConfiguration;
			baseConfigurationReference = 7C10C77756120DD591A3A52E /* Pods-VK.release.xcconfig */;
			buildSettings = {
				ASSETCATALOG_COMPILER_APPICON_NAME = AppIcon;
				ASSETCATALOG_COMPILER_GLOBAL_ACCENT_COLOR_NAME = AccentColor;
				CODE_SIGN_STYLE = Automatic;
				CURRENT_PROJECT_VERSION = 1;
				DEVELOPMENT_TEAM = 92RNZ7CX2N;
				GENERATE_INFOPLIST_FILE = YES;
				INFOPLIST_FILE = VK/Info.plist;
				INFOPLIST_KEY_NSCameraUsageDescription = "Для доступа к фото";
				INFOPLIST_KEY_NSMicrophoneUsageDescription = "Для записи видео требуется микрфон";
				INFOPLIST_KEY_UIApplicationSupportsIndirectInputEvents = YES;
				INFOPLIST_KEY_UILaunchStoryboardName = LaunchScreen;
				INFOPLIST_KEY_UIStatusBarStyle = "";
				INFOPLIST_KEY_UISupportedInterfaceOrientations = UIInterfaceOrientationPortrait;
				IPHONEOS_DEPLOYMENT_TARGET = 13.0;
				LD_RUNPATH_SEARCH_PATHS = (
					"$(inherited)",
					"@executable_path/Frameworks",
				);
				MARKETING_VERSION = 1.0;
				PRODUCT_BUNDLE_IDENTIFIER = Elya.VK;
				PRODUCT_NAME = "$(TARGET_NAME)";
				SUPPORTED_PLATFORMS = "iphoneos iphonesimulator";
				SUPPORTS_MACCATALYST = NO;
				SUPPORTS_MAC_DESIGNED_FOR_IPHONE_IPAD = NO;
				SWIFT_EMIT_LOC_STRINGS = YES;
				SWIFT_VERSION = 5.0;
				TARGETED_DEVICE_FAMILY = "1,2";
			};
			name = Release;
		};
/* End XCBuildConfiguration section */

/* Begin XCConfigurationList section */
		6DCAF3742A6C759A00877579 /* Build configuration list for PBXProject "VK" */ = {
			isa = XCConfigurationList;
			buildConfigurations = (
				6DCAF38B2A6C759B00877579 /* Debug */,
				6DCAF38C2A6C759B00877579 /* Release */,
			);
			defaultConfigurationIsVisible = 0;
			defaultConfigurationName = Release;
		};
		6DCAF38D2A6C759B00877579 /* Build configuration list for PBXNativeTarget "VK" */ = {
			isa = XCConfigurationList;
			buildConfigurations = (
				6DCAF38E2A6C759B00877579 /* Debug */,
				6DCAF38F2A6C759B00877579 /* Release */,
			);
			defaultConfigurationIsVisible = 0;
			defaultConfigurationName = Release;
		};
/* End XCConfigurationList section */

/* Begin XCRemoteSwiftPackageReference section */
		6DB0997C2A814EEE00C42E5F /* XCRemoteSwiftPackageReference "KeychainAccess" */ = {
			isa = XCRemoteSwiftPackageReference;
			repositoryURL = "https://github.com/kishikawakatsumi/KeychainAccess";
			requirement = {
				branch = master;
				kind = branch;
			};
		};
		6DB90A712A93CA1A00120648 /* XCRemoteSwiftPackageReference "realm-swift" */ = {
			isa = XCRemoteSwiftPackageReference;
			repositoryURL = "https://github.com/realm/realm-swift.git";
			requirement = {
				branch = master;
				kind = branch;
			};
		};
/* End XCRemoteSwiftPackageReference section */

/* Begin XCSwiftPackageProductDependency section */
		6DB0997D2A814EEE00C42E5F /* KeychainAccess */ = {
			isa = XCSwiftPackageProductDependency;
			package = 6DB0997C2A814EEE00C42E5F /* XCRemoteSwiftPackageReference "KeychainAccess" */;
			productName = KeychainAccess;
		};
		6DB90A722A93CA1A00120648 /* Realm */ = {
			isa = XCSwiftPackageProductDependency;
			package = 6DB90A712A93CA1A00120648 /* XCRemoteSwiftPackageReference "realm-swift" */;
			productName = Realm;
		};
		6DB90A742A93CA1A00120648 /* RealmSwift */ = {
			isa = XCSwiftPackageProductDependency;
			package = 6DB90A712A93CA1A00120648 /* XCRemoteSwiftPackageReference "realm-swift" */;
			productName = RealmSwift;
		};
/* End XCSwiftPackageProductDependency section */
	};
	rootObject = 6DCAF3712A6C759A00877579 /* Project object */;
}
